# THIS IS AN AUTOGENERATED FILE. DO NOT EDIT THIS FILE DIRECTLY.
# yarn lockfile v1


"@tensorflow/tfjs-converter@1.4.0":
  version "1.4.0"
  resolved "https://registry.yarnpkg.com/@tensorflow/tfjs-converter/-/tfjs-converter-1.4.0.tgz#c864edd2ec7cc89d3ffd53854e79612fc230ef97"
  integrity sha512-vdZumj6zHcEALtQlonCBbVwGdEEDcPrF7prgzf4HF82QG4RpM1x/kVdvzsGvfUIPYjRImNn0ZSPC3WaKslNcXw==

"@tensorflow/tfjs-core@1.4.0":
  version "1.4.0"
  resolved "https://registry.yarnpkg.com/@tensorflow/tfjs-core/-/tfjs-core-1.4.0.tgz#045c91f93cb3ea77473b664c0d1dbad675d7f046"
  integrity sha512-a7dHhSsBbtaxp8/1UAeYKrjY1bQxsDy/Uhj57+mTuGLAcL8CDrTOXXZzucCgs5nvQErdscp7Gp/2VCcA1xp6XQ==
  dependencies:
    "@types/offscreencanvas" "~2019.3.0"
    "@types/seedrandom" "2.4.27"
    "@types/webgl-ext" "0.0.30"
    "@types/webgl2" "0.0.4"
    node-fetch "~2.1.2"
    seedrandom "2.4.3"

"@tensorflow/tfjs-data@1.4.0":
  version "1.4.0"
  resolved "https://registry.yarnpkg.com/@tensorflow/tfjs-data/-/tfjs-data-1.4.0.tgz#20c3902dc9a00610ec85a5bed9bb0dd60d92b270"
  integrity sha512-00N/pe5IYkO3aDI9ZmavQ6mwY4VIepCteusnI7DLiCeqBO0NzGjlH3zH1LVlWIBRypW7JNqYbdl3oVvnd2wWwg==
  dependencies:
    "@types/node-fetch" "^2.1.2"
    node-fetch "~2.1.2"

"@tensorflow/tfjs-layers@1.4.0":
  version "1.4.0"
  resolved "https://registry.yarnpkg.com/@tensorflow/tfjs-layers/-/tfjs-layers-1.4.0.tgz#f4cf6ea7b89b9c612014c7b9a63a4a9563604a92"
  integrity sha512-PXNOShZWDVW9OzX9botHJdDD6ClHEQtkfaFjoGZ2I2qYC9+WaVgxJPxwToTS2H2trwrf34q6hZ1lAjVlTuK0Gg==

"@tensorflow/tfjs@^1.4.0":
  version "1.4.0"
  resolved "https://registry.yarnpkg.com/@tensorflow/tfjs/-/tfjs-1.4.0.tgz#979ba8a751427b1306bd60ed4f871aa776cb55e6"
  integrity sha512-pvc7arrWZ0NNOpEFVL4e99Bj933ty3tmUR0xLnjKao3psts9xr7w0sfJpuSn98HKjz+dj87UEXZIi0fwsAZdwQ==
  dependencies:
    "@tensorflow/tfjs-converter" "1.4.0"
    "@tensorflow/tfjs-core" "1.4.0"
    "@tensorflow/tfjs-data" "1.4.0"
    "@tensorflow/tfjs-layers" "1.4.0"

"@types/node-fetch@^2.1.2":
  version "2.5.4"
  resolved "https://registry.yarnpkg.com/@types/node-fetch/-/node-fetch-2.5.4.tgz#5245b6d8841fc3a6208b82291119bc11c4e0ce44"
  integrity sha512-Oz6id++2qAOFuOlE1j0ouk1dzl3mmI1+qINPNBhi9nt/gVOz0G+13Ao6qjhdF0Ys+eOkhu6JnFmt38bR3H0POQ==
  dependencies:
    "@types/node" "*"

"@types/node@*":
  version "12.12.14"
  resolved "https://registry.yarnpkg.com/@types/node/-/node-12.12.14.tgz#1c1d6e3c75dba466e0326948d56e8bd72a1903d2"
  integrity sha512-u/SJDyXwuihpwjXy7hOOghagLEV1KdAST6syfnOk6QZAMzZuWZqXy5aYYZbh8Jdpd4escVFP0MvftHNDb9pruA==

"@types/offscreencanvas@~2019.3.0":
  version "2019.3.0"
  resolved "https://registry.yarnpkg.com/@types/offscreencanvas/-/offscreencanvas-2019.3.0.tgz#3336428ec7e9180cf4566dfea5da04eb586a6553"
  integrity sha512-esIJx9bQg+QYF0ra8GnvfianIY8qWB0GBx54PK5Eps6m+xTj86KLavHv6qDhzKcu5UUOgNfJ2pWaIIV7TRUd9Q==

"@types/seedrandom@2.4.27":
  version "2.4.27"
  resolved "https://registry.yarnpkg.com/@types/seedrandom/-/seedrandom-2.4.27.tgz#9db563937dd86915f69092bc43259d2f48578e41"
  integrity sha1-nbVjk33YaRX2kJK8QyWdL0hXjkE=

"@types/uuid@^3.4.6":
  version "3.4.6"
  resolved "https://registry.yarnpkg.com/@types/uuid/-/uuid-3.4.6.tgz#d2c4c48eb85a757bf2927f75f939942d521e3016"
  integrity sha512-cCdlC/1kGEZdEglzOieLDYBxHsvEOIg7kp/2FYyVR9Pxakq+Qf/inL3RKQ+PA8gOlI/NnL+fXmQH12nwcGzsHw==
  dependencies:
    "@types/node" "*"

"@types/webgl-ext@0.0.30":
  version "0.0.30"
  resolved "https://registry.yarnpkg.com/@types/webgl-ext/-/webgl-ext-0.0.30.tgz#0ce498c16a41a23d15289e0b844d945b25f0fb9d"
  integrity sha512-LKVgNmBxN0BbljJrVUwkxwRYqzsAEPcZOe6S2T6ZaBDIrFp0qu4FNlpc5sM1tGbXUYFgdVQIoeLk1Y1UoblyEg==

"@types/webgl2@0.0.4":
  version "0.0.4"
  resolved "https://registry.yarnpkg.com/@types/webgl2/-/webgl2-0.0.4.tgz#c3b0f9d6b465c66138e84e64cb3bdf8373c2c279"
  integrity sha512-PACt1xdErJbMUOUweSrbVM7gSIYm1vTncW2hF6Os/EeWi6TXYAYMPp+8v6rzHmypE5gHrxaxZNXgMkJVIdZpHw==

node-fetch@~2.1.2:
  version "2.1.2"
  resolved "https://registry.yarnpkg.com/node-fetch/-/node-fetch-2.1.2.tgz#ab884e8e7e57e38a944753cec706f788d1768bb5"
  integrity sha1-q4hOjn5X44qUR1POxwb3iNF2i7U=

seedrandom@2.4.3:
  version "2.4.3"
  resolved "https://registry.yarnpkg.com/seedrandom/-/seedrandom-2.4.3.tgz#2438504dad33917314bff18ac4d794f16d6aaecc"
  integrity sha1-JDhQTa0zkXMUv/GKxNeU8W1qrsw=

typescript@^3.4.5:
  version "3.4.5"
  resolved "https://registry.yarnpkg.com/typescript/-/typescript-3.4.5.tgz#2d2618d10bb566572b8d7aad5180d84257d70a99"
  integrity sha512-YycBxUb49UUhdNMU5aJ7z5Ej2XGmaIBL0x34vZ82fn3hGvD+bgrMrVDpatgz2f7YxUMJxMkbWxJZeAvDxVe7Vw==

uuid@3.3.3, uuid@^3.3.3:
  version "3.3.3"
  resolved "https://registry.yarnpkg.com/uuid/-/uuid-3.3.3.tgz#4568f0216e78760ee1dbf3a4d2cf53e224112866"
  integrity sha512-pW0No1RGHgzlpHJO1nsVrHKpOEIxkGg1xB+v0ZmdNH5OAeAwzAVrCnI2/6Mtx+Uys6iaylxa+D3g4j63IKKjSQ==

uuidv4@^6.0.0:
  version "6.0.0"
  resolved "https://registry.yarnpkg.com/uuidv4/-/uuidv4-6.0.0.tgz#af64d9d0b6e5cc42675376622dc386f06d7461bb"
  integrity sha512-KvtCP/4TGL1lU3CviYgWsSiKtJ+vi7FyJ0o+9RIGmJDVw1+O0lM+6pX127t5R6+EHzHOBnzG8zfWUufB4iECRw==
  dependencies:
    uuid "3.3.3"
